// !$*UTF8*$!
{
	archiveVersion = 1;
	classes = {
	};
	objectVersion = 46;
	objects = {

/* Begin PBXBuildFile section */
		880604CB1A9A635E006C4585 /* Foundation.framework in Frameworks */ = {isa = PBXBuildFile; fileRef = 880604CA1A9A635E006C4585 /* Foundation.framework */; };
		880604CD1A9A635E006C4585 /* CoreGraphics.framework in Frameworks */ = {isa = PBXBuildFile; fileRef = 880604CC1A9A635E006C4585 /* CoreGraphics.framework */; };
		880604CF1A9A635E006C4585 /* UIKit.framework in Frameworks */ = {isa = PBXBuildFile; fileRef = 880604CE1A9A635E006C4585 /* UIKit.framework */; };
		880604D51A9A635E006C4585 /* InfoPlist.strings in Resources */ = {isa = PBXBuildFile; fileRef = 880604D31A9A635E006C4585 /* InfoPlist.strings */; };
		880604D71A9A635E006C4585 /* main.m in Sources */ = {isa = PBXBuildFile; fileRef = 880604D61A9A635E006C4585 /* main.m */; };
		880604DB1A9A635E006C4585 /* AppDelegate.m in Sources */ = {isa = PBXBuildFile; fileRef = 880604DA1A9A635E006C4585 /* AppDelegate.m */; };
		880604DD1A9A635E006C4585 /* Images.xcassets in Resources */ = {isa = PBXBuildFile; fileRef = 880604DC1A9A635E006C4585 /* Images.xcassets */; };
		880604E41A9A635E006C4585 /* XCTest.framework in Frameworks */ = {isa = PBXBuildFile; fileRef = 880604E31A9A635E006C4585 /* XCTest.framework */; };
		880604E51A9A635E006C4585 /* Foundation.framework in Frameworks */ = {isa = PBXBuildFile; fileRef = 880604CA1A9A635E006C4585 /* Foundation.framework */; };
		880604E61A9A635E006C4585 /* UIKit.framework in Frameworks */ = {isa = PBXBuildFile; fileRef = 880604CE1A9A635E006C4585 /* UIKit.framework */; };
		880604EE1A9A635E006C4585 /* InfoPlist.strings in Resources */ = {isa = PBXBuildFile; fileRef = 880604EC1A9A635E006C4585 /* InfoPlist.strings */; };
		880604F01A9A635E006C4585 /* ios_hello_worldTests.m in Sources */ = {isa = PBXBuildFile; fileRef = 880604EF1A9A635E006C4585 /* ios_hello_worldTests.m */; };
/* End PBXBuildFile section */

/* Begin PBXContainerItemProxy section */
		880604E71A9A635E006C4585 /* PBXContainerItemProxy */ = {
			isa = PBXContainerItemProxy;
			containerPortal = 880604BF1A9A635E006C4585 /* Project object */;
			proxyType = 1;
			remoteGlobalIDString = 880604C61A9A635E006C4585;
			remoteInfo = ios_hello_world;
		};
/* End PBXContainerItemProxy section */

/* Begin PBXFileReference section */
		880604C71A9A635E006C4585 /* ios_hello_world.app */ = {isa = PBXFileReference; explicitFileType = wrapper.application; includeInIndex = 0; path = ios_hello_world.app; sourceTree = BUILT_PRODUCTS_DIR; };
		880604CA1A9A635E006C4585 /* Foundation.framework */ = {isa = PBXFileReference; lastKnownFileType = wrapper.framework; name = Foundation.framework; path = System/Library/Frameworks/Foundation.framework; sourceTree = SDKROOT; };
		880604CC1A9A635E006C4585 /* CoreGraphics.framework */ = {isa = PBXFileReference; lastKnownFileType = wrapper.framework; name = CoreGraphics.framework; path = System/Library/Frameworks/CoreGraphics.framework; sourceTree = SDKROOT; };
		880604CE1A9A635E006C4585 /* UIKit.framework */ = {isa = PBXFileReference; lastKnownFileType = wrapper.framework; name = UIKit.framework; path = System/Library/Frameworks/UIKit.framework; sourceTree = SDKROOT; };
		880604D21A9A635E006C4585 /* ios_hello_world-Info.plist */ = {isa = PBXFileReference; lastKnownFileType = text.plist.xml; path = "ios_hello_world-Info.plist"; sourceTree = "<group>"; };
		880604D41A9A635E006C4585 /* en */ = {isa = PBXFileReference; lastKnownFileType = text.plist.strings; name = en; path = en.lproj/InfoPlist.strings; sourceTree = "<group>"; };
		880604D61A9A635E006C4585 /* main.m */ = {isa = PBXFileReference; lastKnownFileType = sourcecode.c.objc; path = main.m; sourceTree = "<group>"; };
		880604D81A9A635E006C4585 /* ios_hello_world-Prefix.pch */ = {isa = PBXFileReference; lastKnownFileType = sourcecode.c.h; path = "ios_hello_world-Prefix.pch"; sourceTree = "<group>"; };
		880604D91A9A635E006C4585 /* AppDelegate.h */ = {isa = PBXFileReference; lastKnownFileType = sourcecode.c.h; path = AppDelegate.h; sourceTree = "<group>"; };
		880604DA1A9A635E006C4585 /* AppDelegate.m */ = {isa = PBXFileReference; lastKnownFileType = sourcecode.c.objc; path = AppDelegate.m; sourceTree = "<group>"; };
		880604DC1A9A635E006C4585 /* Images.xcassets */ = {isa = PBXFileReference; lastKnownFileType = folder.assetcatalog; path = Images.xcassets; sourceTree = "<group>"; };
		880604E21A9A635E006C4585 /* ios_hello_worldTests.xctest */ = {isa = PBXFileReference; explicitFileType = wrapper.cfbundle; includeInIndex = 0; path = ios_hello_worldTests.xctest; sourceTree = BUILT_PRODUCTS_DIR; };
		880604E31A9A635E006C4585 /* XCTest.framework */ = {isa = PBXFileReference; lastKnownFileType = wrapper.framework; name = XCTest.framework; path = Library/Frameworks/XCTest.framework; sourceTree = DEVELOPER_DIR; };
		880604EB1A9A635E006C4585 /* ios_hello_worldTests-Info.plist */ = {isa = PBXFileReference; lastKnownFileType = text.plist.xml; path = "ios_hello_worldTests-Info.plist"; sourceTree = "<group>"; };
		880604ED1A9A635E006C4585 /* en */ = {isa = PBXFileReference; lastKnownFileType = text.plist.strings; name = en; path = en.lproj/InfoPlist.strings; sourceTree = "<group>"; };
		880604EF1A9A635E006C4585 /* ios_hello_worldTests.m */ = {isa = PBXFileReference; lastKnownFileType = sourcecode.c.objc; path = ios_hello_worldTests.m; sourceTree = "<group>"; };
/* End PBXFileReference section */

/* Begin PBXFrameworksBuildPhase section */
		880604C41A9A635E006C4585 /* Frameworks */ = {
			isa = PBXFrameworksBuildPhase;
			buildActionMask = 2147483647;
			files = (
				880604CD1A9A635E006C4585 /* CoreGraphics.framework in Frameworks */,
				880604CF1A9A635E006C4585 /* UIKit.framework in Frameworks */,
				880604CB1A9A635E006C4585 /* Foundation.framework in Frameworks */,
			);
			runOnlyForDeploymentPostprocessing = 0;
		};
		880604DF1A9A635E006C4585 /* Frameworks */ = {
			isa = PBXFrameworksBuildPhase;
			buildActionMask = 2147483647;
			files = (
				880604E41A9A635E006C4585 /* XCTest.framework in Frameworks */,
				880604E61A9A635E006C4585 /* UIKit.framework in Frameworks */,
				880604E51A9A635E006C4585 /* Foundation.framework in Frameworks */,
			);
			runOnlyForDeploymentPostprocessing = 0;
		};
/* End PBXFrameworksBuildPhase section */

/* Begin PBXGroup section */
		880604BE1A9A635E006C4585 = {
			isa = PBXGroup;
			children = (
				880604D01A9A635E006C4585 /* ios_hello_world */,
				880604E91A9A635E006C4585 /* ios_hello_worldTests */,
				880604C91A9A635E006C4585 /* Frameworks */,
				880604C81A9A635E006C4585 /* Products */,
			);
			sourceTree = "<group>";
		};
		880604C81A9A635E006C4585 /* Products */ = {
			isa = PBXGroup;
			children = (
				880604C71A9A635E006C4585 /* ios_hello_world.app */,
				880604E21A9A635E006C4585 /* ios_hello_worldTests.xctest */,
			);
			name = Products;
			sourceTree = "<group>";
		};
		880604C91A9A635E006C4585 /* Frameworks */ = {
			isa = PBXGroup;
			children = (
				880604CA1A9A635E006C4585 /* Foundation.framework */,
				880604CC1A9A635E006C4585 /* CoreGraphics.framework */,
				880604CE1A9A635E006C4585 /* UIKit.framework */,
				880604E31A9A635E006C4585 /* XCTest.framework */,
			);
			name = Frameworks;
			sourceTree = "<group>";
		};
		880604D01A9A635E006C4585 /* ios_hello_world */ = {
			isa = PBXGroup;
			children = (
				880604D91A9A635E006C4585 /* AppDelegate.h */,
				880604DA1A9A635E006C4585 /* AppDelegate.m */,
				880604DC1A9A635E006C4585 /* Images.xcassets */,
				880604D11A9A635E006C4585 /* Supporting Files */,
			);
			path = ios_hello_world;
			sourceTree = "<group>";
		};
		880604D11A9A635E006C4585 /* Supporting Files */ = {
			isa = PBXGroup;
			children = (
				880604D21A9A635E006C4585 /* ios_hello_world-Info.plist */,
				880604D31A9A635E006C4585 /* InfoPlist.strings */,
				880604D61A9A635E006C4585 /* main.m */,
				880604D81A9A635E006C4585 /* ios_hello_world-Prefix.pch */,
			);
			name = "Supporting Files";
			sourceTree = "<group>";
		};
		880604E91A9A635E006C4585 /* ios_hello_worldTests */ = {
			isa = PBXGroup;
			children = (
				880604EF1A9A635E006C4585 /* ios_hello_worldTests.m */,
				880604EA1A9A635E006C4585 /* Supporting Files */,
			);
			path = ios_hello_worldTests;
			sourceTree = "<group>";
		};
		880604EA1A9A635E006C4585 /* Supporting Files */ = {
			isa = PBXGroup;
			children = (
				880604EB1A9A635E006C4585 /* ios_hello_worldTests-Info.plist */,
				880604EC1A9A635E006C4585 /* InfoPlist.strings */,
			);
			name = "Supporting Files";
			sourceTree = "<group>";
		};
/* End PBXGroup section */

/* Begin PBXNativeTarget section */
		880604C61A9A635E006C4585 /* ios_hello_world */ = {
			isa = PBXNativeTarget;
			buildConfigurationList = 880604F31A9A635E006C4585 /* Build configuration list for PBXNativeTarget "ios_hello_world" */;
			buildPhases = (
				880604C31A9A635E006C4585 /* Sources */,
				880604C41A9A635E006C4585 /* Frameworks */,
				880604C51A9A635E006C4585 /* Resources */,
			);
			buildRules = (
			);
			dependencies = (
			);
			name = ios_hello_world;
			productName = ios_hello_world;
			productReference = 880604C71A9A635E006C4585 /* ios_hello_world.app */;
			productType = "com.apple.product-type.application";
		};
		880604E11A9A635E006C4585 /* ios_hello_worldTests */ = {
			isa = PBXNativeTarget;
			buildConfigurationList = 880604F61A9A635E006C4585 /* Build configuration list for PBXNativeTarget "ios_hello_worldTests" */;
			buildPhases = (
				880604DE1A9A635E006C4585 /* Sources */,
				880604DF1A9A635E006C4585 /* Frameworks */,
				880604E01A9A635E006C4585 /* Resources */,
			);
			buildRules = (
			);
			dependencies = (
				880604E81A9A635E006C4585 /* PBXTargetDependency */,
			);
			name = ios_hello_worldTests;
			productName = ios_hello_worldTests;
			productReference = 880604E21A9A635E006C4585 /* ios_hello_worldTests.xctest */;
			productType = "com.apple.product-type.bundle.unit-test";
		};
/* End PBXNativeTarget section */

/* Begin PBXProject section */
		880604BF1A9A635E006C4585 /* Project object */ = {
			isa = PBXProject;
			attributes = {
				LastUpgradeCheck = 0510;
				ORGANIZATIONNAME = nwo;
				TargetAttributes = {
					880604E11A9A635E006C4585 = {
						TestTargetID = 880604C61A9A635E006C4585;
					};
				};
			};
			buildConfigurationList = 880604C21A9A635E006C4585 /* Build configuration list for PBXProject "ios_hello_world" */;
			compatibilityVersion = "Xcode 3.2";
			developmentRegion = English;
			hasScannedForEncodings = 0;
			knownRegions = (
				en,
			);
			mainGroup = 880604BE1A9A635E006C4585;
			productRefGroup = 880604C81A9A635E006C4585 /* Products */;
			projectDirPath = "";
			projectRoot = "";
			targets = (
				880604C61A9A635E006C4585 /* ios_hello_world */,
				880604E11A9A635E006C4585 /* ios_hello_worldTests */,
			);
		};
/* End PBXProject section */

/* Begin PBXResourcesBuildPhase section */
		880604C51A9A635E006C4585 /* Resources */ = {
			isa = PBXResourcesBuildPhase;
			buildActionMask = 2147483647;
			files = (
				880604D51A9A635E006C4585 /* InfoPlist.strings in Resources */,
				880604DD1A9A635E006C4585 /* Images.xcassets in Resources */,
			);
			runOnlyForDeploymentPostprocessing = 0;
		};
		880604E01A9A635E006C4585 /* Resources */ = {
			isa = PBXResourcesBuildPhase;
			buildActionMask = 2147483647;
			files = (
				880604EE1A9A635E006C4585 /* InfoPlist.strings in Resources */,
			);
			runOnlyForDeploymentPostprocessing = 0;
		};
/* End PBXResourcesBuildPhase section */

/* Begin PBXSourcesBuildPhase section */
		880604C31A9A635E006C4585 /* Sources */ = {
			isa = PBXSourcesBuildPhase;
			buildActionMask = 2147483647;
			files = (
				880604DB1A9A635E006C4585 /* AppDelegate.m in Sources */,
				880604D71A9A635E006C4585 /* main.m in Sources */,
			);
			runOnlyForDeploymentPostprocessing = 0;
		};
		880604DE1A9A635E006C4585 /* Sources */ = {
			isa = PBXSourcesBuildPhase;
			buildActionMask = 2147483647;
			files = (
				880604F01A9A635E006C4585 /* ios_hello_worldTests.m in Sources */,
			);
			runOnlyForDeploymentPostprocessing = 0;
		};
/* End PBXSourcesBuildPhase section */

/* Begin PBXTargetDependency section */
		880604E81A9A635E006C4585 /* PBXTargetDependency */ = {
			isa = PBXTargetDependency;
			target = 880604C61A9A635E006C4585 /* ios_hello_world */;
			targetProxy = 880604E71A9A635E006C4585 /* PBXContainerItemProxy */;
		};
/* End PBXTargetDependency section */

/* Begin PBXVariantGroup section */
		880604D31A9A635E006C4585 /* InfoPlist.strings */ = {
			isa = PBXVariantGroup;
			children = (
				880604D41A9A635E006C4585 /* en */,
			);
			name = InfoPlist.strings;
			sourceTree = "<group>";
		};
		880604EC1A9A635E006C4585 /* InfoPlist.strings */ = {
			isa = PBXVariantGroup;
			children = (
				880604ED1A9A635E006C4585 /* en */,
			);
			name = InfoPlist.strings;
			sourceTree = "<group>";
		};
/* End PBXVariantGroup section */

/* Begin XCBuildConfiguration section */
		880604F11A9A635E006C4585 /* Debug */ = {
			isa = XCBuildConfiguration;
			buildSettings = {
				ALWAYS_SEARCH_USER_PATHS = NO;
				CLANG_CXX_LANGUAGE_STANDARD = "gnu++0x";
				CLANG_CXX_LIBRARY = "libc++";
				CLANG_ENABLE_MODULES = YES;
				CLANG_ENABLE_OBJC_ARC = YES;
				CLANG_WARN_BOOL_CONVERSION = YES;
				CLANG_WARN_CONSTANT_CONVERSION = YES;
				CLANG_WARN_DIRECT_OBJC_ISA_USAGE = YES_ERROR;
				CLANG_WARN_EMPTY_BODY = YES;
				CLANG_WARN_ENUM_CONVERSION = YES;
				CLANG_WARN_INT_CONVERSION = YES;
				CLANG_WARN_OBJC_ROOT_CLASS = YES_ERROR;
				CLANG_WARN__DUPLICATE_METHOD_MATCH = YES;
				"CODE_SIGN_IDENTITY[sdk=iphoneos*]" = "iPhone Developer";
				COPY_PHASE_STRIP = NO;
				GCC_C_LANGUAGE_STANDARD = gnu99;
				GCC_DYNAMIC_NO_PIC = NO;
				GCC_OPTIMIZATION_LEVEL = 0;
				GCC_PREPROCESSOR_DEFINITIONS = (
					"DEBUG=1",
					"$(inherited)",
				);
				GCC_SYMBOLS_PRIVATE_EXTERN = NO;
				GCC_WARN_64_TO_32_BIT_CONVERSION = YES;
				GCC_WARN_ABOUT_RETURN_TYPE = YES_ERROR;
				GCC_WARN_UNDECLARED_SELECTOR = YES;
				GCC_WARN_UNINITIALIZED_AUTOS = YES_AGGRESSIVE;
				GCC_WARN_UNUSED_FUNCTION = YES;
				GCC_WARN_UNUSED_VARIABLE = YES;
				IPHONEOS_DEPLOYMENT_TARGET = 7.1;
				ONLY_ACTIVE_ARCH = YES;
				SDKROOT = iphoneos;
			};
			name = Debug;
		};
		880604F21A9A635E006C4585 /* Release */ = {
			isa = XCBuildConfiguration;
			buildSettings = {
				ALWAYS_SEARCH_USER_PATHS = NO;
				CLANG_CXX_LANGUAGE_STANDARD = "gnu++0x";
				CLANG_CXX_LIBRARY = "libc++";
				CLANG_ENABLE_MODULES = YES;
				CLANG_ENABLE_OBJC_ARC = YES;
				CLANG_WARN_BOOL_CONVERSION = YES;
				CLANG_WARN_CONSTANT_CONVERSION = YES;
				CLANG_WARN_DIRECT_OBJC_ISA_USAGE = YES_ERROR;
				CLANG_WARN_EMPTY_BODY = YES;
				CLANG_WARN_ENUM_CONVERSION = YES;
				CLANG_WARN_INT_CONVERSION = YES;
				CLANG_WARN_OBJC_ROOT_CLASS = YES_ERROR;
				CLANG_WARN__DUPLICATE_METHOD_MATCH = YES;
				"CODE_SIGN_IDENTITY[sdk=iphoneos*]" = "iPhone Developer";
				COPY_PHASE_STRIP = YES;
				ENABLE_NS_ASSERTIONS = NO;
				GCC_C_LANGUAGE_STANDARD = gnu99;
				GCC_WARN_64_TO_32_BIT_CONVERSION = YES;
				GCC_WARN_ABOUT_RETURN_TYPE = YES_ERROR;
				GCC_WARN_UNDECLARED_SELECTOR = YES;
				GCC_WARN_UNINITIALIZED_AUTOS = YES_AGGRESSIVE;
				GCC_WARN_UNUSED_FUNCTION = YES;
				GCC_WARN_UNUSED_VARIABLE = YES;
				IPHONEOS_DEPLOYMENT_TARGET = 7.1;
				SDKROOT = iphoneos;
				VALIDATE_PRODUCT = YES;
			};
			name = Release;
		};
		880604F41A9A635E006C4585 /* Debug */ = {
			isa = XCBuildConfiguration;
			buildSettings = {
				ASSETCATALOG_COMPILER_APPICON_NAME = AppIcon;
				ASSETCATALOG_COMPILER_LAUNCHIMAGE_NAME = LaunchImage;
				GCC_PRECOMPILE_PREFIX_HEADER = YES;
				GCC_PREFIX_HEADER = "ios_hello_world/ios_hello_world-Prefix.pch";
				INFOPLIST_FILE = "ios_hello_world/ios_hello_world-Info.plist";
				PRODUCT_NAME = "$(TARGET_NAME)";
				TARGETED_DEVICE_FAMILY = 1;
				WRAPPER_EXTENSION = app;
			};
			name = Debug;
		};
		880604F51A9A635E006C4585 /* Release */ = {
			isa = XCBuildConfiguration;
			buildSettings = {
				ASSETCATALOG_COMPILER_APPICON_NAME = AppIcon;
				ASSETCATALOG_COMPILER_LAUNCHIMAGE_NAME = LaunchImage;
				GCC_PRECOMPILE_PREFIX_HEADER = YES;
				GCC_PREFIX_HEADER = "ios_hello_world/ios_hello_world-Prefix.pch";
				INFOPLIST_FILE = "ios_hello_world/ios_hello_world-Info.plist";
				PRODUCT_NAME = "$(TARGET_NAME)";
				TARGETED_DEVICE_FAMILY = 1;
				WRAPPER_EXTENSION = app;
			};
			name = Release;
		};
		880604F71A9A635E006C4585 /* Debug */ = {
			isa = XCBuildConfiguration;
			buildSettings = {
				BUNDLE_LOADER = "$(BUILT_PRODUCTS_DIR)/ios_hello_world.app/ios_hello_world";
				FRAMEWORK_SEARCH_PATHS = (
					"$(SDKROOT)/Developer/Library/Frameworks",
					"$(inherited)",
					"$(DEVELOPER_FRAMEWORKS_DIR)",
				);
				GCC_PRECOMPILE_PREFIX_HEADER = YES;
				GCC_PREFIX_HEADER = "ios_hello_world/ios_hello_world-Prefix.pch";
				GCC_PREPROCESSOR_DEFINITIONS = (
					"DEBUG=1",
					"$(inherited)",
				);
				INFOPLIST_FILE = "ios_hello_worldTests/ios_hello_worldTests-Info.plist";
				PRODUCT_NAME = "$(TARGET_NAME)";
				TEST_HOST = "$(BUNDLE_LOADER)";
				WRAPPER_EXTENSION = xctest;
			};
			name = Debug;
		};
		880604F81A9A635E006C4585 /* Release */ = {
			isa = XCBuildConfiguration;
			buildSettings = {
				BUNDLE_LOADER = "$(BUILT_PRODUCTS_DIR)/ios_hello_world.app/ios_hello_world";
				FRAMEWORK_SEARCH_PATHS = (
					"$(SDKROOT)/Developer/Library/Frameworks",
					"$(inherited)",
					"$(DEVELOPER_FRAMEWORKS_DIR)",
				);
				GCC_PRECOMPILE_PREFIX_HEADER = YES;
				GCC_PREFIX_HEADER = "ios_hello_world/ios_hello_world-Prefix.pch";
				INFOPLIST_FILE = "ios_hello_worldTests/ios_hello_worldTests-Info.plist";
				PRODUCT_NAME = "$(TARGET_NAME)";
				TEST_HOST = "$(BUNDLE_LOADER)";
				WRAPPER_EXTENSION = xctest;
			};
			name = Release;
		};
/* End XCBuildConfiguration section */

/* Begin XCConfigurationList section */
		880604C21A9A635E006C4585 /* Build configuration list for PBXProject "ios_hello_world" */ = {
			isa = XCConfigurationList;
			buildConfigurations = (
				880604F11A9A635E006C4585 /* Debug */,
				880604F21A9A635E006C4585 /* Release */,
			);
			defaultConfigurationIsVisible = 0;
			defaultConfigurationName = Release;
		};
		880604F31A9A635E006C4585 /* Build configuration list for PBXNativeTarget "ios_hello_world" */ = {
			isa = XCConfigurationList;
			buildConfigurations = (
				880604F41A9A635E006C4585 /* Debug */,
				880604F51A9A635E006C4585 /* Release */,
			);
			defaultConfigurationIsVisible = 0;
		};
		880604F61A9A635E006C4585 /* Build configuration list for PBXNativeTarget "ios_hello_worldTests" */ = {
			isa = XCConfigurationList;
			buildConfigurations = (
				880604F71A9A635E006C4585 /* Debug */,
				880604F81A9A635E006C4585 /* Release */,
			);
			defaultConfigurationIsVisible = 0;
		};
/* End XCConfigurationList section */
	};
	rootObject = 880604BF1A9A635E006C4585 /* Project object */;
}
